// !$*UTF8*$!
{
	archiveVersion = 1;
	classes = {
	};
	objectVersion = 50;
	objects = {

/* Begin PBXBuildFile section */
		BE698A6B2672B6A600E391CD /* landmarkData.json in Resources */ = {isa = PBXBuildFile; fileRef = BE698A6A2672B6A600E391CD /* landmarkData.json */; };
		BE698A6D2672B72700E391CD /* Landmark.swift in Sources */ = {isa = PBXBuildFile; fileRef = BE698A6C2672B72700E391CD /* Landmark.swift */; };
		BE698A6F2672BBDA00E391CD /* ModelData.swift in Sources */ = {isa = PBXBuildFile; fileRef = BE698A6E2672BBDA00E391CD /* ModelData.swift */; };
		BE698A762672BEFE00E391CD /* LandmarkRow.swift in Sources */ = {isa = PBXBuildFile; fileRef = BE698A752672BEFE00E391CD /* LandmarkRow.swift */; };
		BE698A782672C69500E391CD /* LandmarkList.swift in Sources */ = {isa = PBXBuildFile; fileRef = BE698A772672C69500E391CD /* LandmarkList.swift */; };
		BE698A7A2672CB7900E391CD /* LandmarkDetail.swift in Sources */ = {isa = PBXBuildFile; fileRef = BE698A792672CB7900E391CD /* LandmarkDetail.swift */; };
		BE698AB726756E2000E391CD /* FavoriteButton.swift in Sources */ = {isa = PBXBuildFile; fileRef = BE698AB626756E1F00E391CD /* FavoriteButton.swift */; };
		BE698ABB26757D1100E391CD /* HexagonParameters.swift in Sources */ = {isa = PBXBuildFile; fileRef = BE698ABA26757D1100E391CD /* HexagonParameters.swift */; };
		BE698ABD26757FDF00E391CD /* BadgeBackground.swift in Sources */ = {isa = PBXBuildFile; fileRef = BE698ABC26757FDF00E391CD /* BadgeBackground.swift */; };
		BE76F76D2676718B007B547F /* BadgeSymbol.swift in Sources */ = {isa = PBXBuildFile; fileRef = BE76F76C2676718B007B547F /* BadgeSymbol.swift */; };
		BE76F76F26767247007B547F /* RotatedBadgeSymbol.swift in Sources */ = {isa = PBXBuildFile; fileRef = BE76F76E26767247007B547F /* RotatedBadgeSymbol.swift */; };
		BE76F772267672AC007B547F /* Badge.swift in Sources */ = {isa = PBXBuildFile; fileRef = BE76F771267672AC007B547F /* Badge.swift */; };
		BE76F7742676784A007B547F /* hikeData.json in Resources */ = {isa = PBXBuildFile; fileRef = BE76F7732676784A007B547F /* hikeData.json */; };
		BE76F77626767894007B547F /* Hike.swift in Sources */ = {isa = PBXBuildFile; fileRef = BE76F77526767894007B547F /* Hike.swift */; };
		BE76F77C26767BDE007B547F /* GraphCapsule.swift in Sources */ = {isa = PBXBuildFile; fileRef = BE76F77826767BDE007B547F /* GraphCapsule.swift */; };
		BE76F77D26767BDE007B547F /* HikeGraph.swift in Sources */ = {isa = PBXBuildFile; fileRef = BE76F77926767BDE007B547F /* HikeGraph.swift */; };
		BE76F77E26767BDE007B547F /* HikeDetail.swift in Sources */ = {isa = PBXBuildFile; fileRef = BE76F77A26767BDE007B547F /* HikeDetail.swift */; };
		BE76F77F26767BDE007B547F /* HikeView.swift in Sources */ = {isa = PBXBuildFile; fileRef = BE76F77B26767BDE007B547F /* HikeView.swift */; };
		BE76F78126769DBC007B547F /* CategoryHome.swift in Sources */ = {isa = PBXBuildFile; fileRef = BE76F78026769DBC007B547F /* CategoryHome.swift */; };
		BE7EA83F26641F9C00995547 /* LandmarkApp.swift in Sources */ = {isa = PBXBuildFile; fileRef = BE7EA83E26641F9C00995547 /* LandmarkApp.swift */; };
		BE7EA84126641F9C00995547 /* ContentView.swift in Sources */ = {isa = PBXBuildFile; fileRef = BE7EA84026641F9C00995547 /* ContentView.swift */; };
		BE7EA84326641F9F00995547 /* Assets.xcassets in Resources */ = {isa = PBXBuildFile; fileRef = BE7EA84226641F9F00995547 /* Assets.xcassets */; };
		BE7EA84626641F9F00995547 /* Preview Assets.xcassets in Resources */ = {isa = PBXBuildFile; fileRef = BE7EA84526641F9F00995547 /* Preview Assets.xcassets */; };
		BE7EA84826641F9F00995547 /* Persistence.swift in Sources */ = {isa = PBXBuildFile; fileRef = BE7EA84726641F9F00995547 /* Persistence.swift */; };
		BE7EA84B26641F9F00995547 /* Landmark.xcdatamodeld in Sources */ = {isa = PBXBuildFile; fileRef = BE7EA84926641F9F00995547 /* Landmark.xcdatamodeld */; };
		BE7EA855266C6FE200995547 /* CircleImage.swift in Sources */ = {isa = PBXBuildFile; fileRef = BE7EA854266C6FE200995547 /* CircleImage.swift */; };
		BE7EA857266C715800995547 /* MapView.swift in Sources */ = {isa = PBXBuildFile; fileRef = BE7EA856266C715700995547 /* MapView.swift */; };
/* End PBXBuildFile section */

/* Begin PBXFileReference section */
		BE698A652672B4A100E391CD /* Landmark.entitlements */ = {isa = PBXFileReference; lastKnownFileType = text.plist.entitlements; path = Landmark.entitlements; sourceTree = "<group>"; };
		BE698A6A2672B6A600E391CD /* landmarkData.json */ = {isa = PBXFileReference; fileEncoding = 4; lastKnownFileType = text.json; name = landmarkData.json; path = "Landmark/New Group/landmarkData.json"; sourceTree = SOURCE_ROOT; };
		BE698A6C2672B72700E391CD /* Landmark.swift */ = {isa = PBXFileReference; lastKnownFileType = sourcecode.swift; path = Landmark.swift; sourceTree = "<group>"; };
		BE698A6E2672BBDA00E391CD /* ModelData.swift */ = {isa = PBXFileReference; lastKnownFileType = sourcecode.swift; path = ModelData.swift; sourceTree = "<group>"; };
		BE698A752672BEFE00E391CD /* LandmarkRow.swift */ = {isa = PBXFileReference; lastKnownFileType = sourcecode.swift; path = LandmarkRow.swift; sourceTree = "<group>"; };
		BE698A772672C69500E391CD /* LandmarkList.swift */ = {isa = PBXFileReference; lastKnownFileType = sourcecode.swift; path = LandmarkList.swift; sourceTree = "<group>"; };
		BE698A792672CB7900E391CD /* LandmarkDetail.swift */ = {isa = PBXFileReference; lastKnownFileType = sourcecode.swift; path = LandmarkDetail.swift; sourceTree = "<group>"; };
		BE698AB626756E1F00E391CD /* FavoriteButton.swift */ = {isa = PBXFileReference; lastKnownFileType = sourcecode.swift; path = FavoriteButton.swift; sourceTree = "<group>"; };
		BE698ABA26757D1100E391CD /* HexagonParameters.swift */ = {isa = PBXFileReference; lastKnownFileType = sourcecode.swift; path = HexagonParameters.swift; sourceTree = "<group>"; };
		BE698ABC26757FDF00E391CD /* BadgeBackground.swift */ = {isa = PBXFileReference; lastKnownFileType = sourcecode.swift; path = BadgeBackground.swift; sourceTree = "<group>"; };
		BE76F76C2676718B007B547F /* BadgeSymbol.swift */ = {isa = PBXFileReference; lastKnownFileType = sourcecode.swift; path = BadgeSymbol.swift; sourceTree = "<group>"; };
		BE76F76E26767247007B547F /* RotatedBadgeSymbol.swift */ = {isa = PBXFileReference; lastKnownFileType = sourcecode.swift; path = RotatedBadgeSymbol.swift; sourceTree = "<group>"; };
		BE76F771267672AC007B547F /* Badge.swift */ = {isa = PBXFileReference; lastKnownFileType = sourcecode.swift; path = Badge.swift; sourceTree = "<group>"; };
		BE76F7732676784A007B547F /* hikeData.json */ = {isa = PBXFileReference; fileEncoding = 4; lastKnownFileType = text.json; name = hikeData.json; path = AnimatingViewsAndTransitions/Complete/Landmarks/Resources/hikeData.json; sourceTree = SOURCE_ROOT; };
		BE76F77526767894007B547F /* Hike.swift */ = {isa = PBXFileReference; lastKnownFileType = sourcecode.swift; path = Hike.swift; sourceTree = "<group>"; };
		BE76F77826767BDE007B547F /* GraphCapsule.swift */ = {isa = PBXFileReference; fileEncoding = 4; lastKnownFileType = sourcecode.swift; path = GraphCapsule.swift; sourceTree = "<group>"; };
		BE76F77926767BDE007B547F /* HikeGraph.swift */ = {isa = PBXFileReference; fileEncoding = 4; lastKnownFileType = sourcecode.swift; path = HikeGraph.swift; sourceTree = "<group>"; };
		BE76F77A26767BDE007B547F /* HikeDetail.swift */ = {isa = PBXFileReference; fileEncoding = 4; lastKnownFileType = sourcecode.swift; path = HikeDetail.swift; sourceTree = "<group>"; };
		BE76F77B26767BDE007B547F /* HikeView.swift */ = {isa = PBXFileReference; fileEncoding = 4; lastKnownFileType = sourcecode.swift; path = HikeView.swift; sourceTree = "<group>"; };
		BE76F78026769DBC007B547F /* CategoryHome.swift */ = {isa = PBXFileReference; lastKnownFileType = sourcecode.swift; path = CategoryHome.swift; sourceTree = "<group>"; };
		BE7EA83B26641F9C00995547 /* Landmark.app */ = {isa = PBXFileReference; explicitFileType = wrapper.application; includeInIndex = 0; path = Landmark.app; sourceTree = BUILT_PRODUCTS_DIR; };
		BE7EA83E26641F9C00995547 /* LandmarkApp.swift */ = {isa = PBXFileReference; lastKnownFileType = sourcecode.swift; path = LandmarkApp.swift; sourceTree = "<group>"; };
		BE7EA84026641F9C00995547 /* ContentView.swift */ = {isa = PBXFileReference; lastKnownFileType = sourcecode.swift; path = ContentView.swift; sourceTree = "<group>"; };
		BE7EA84226641F9F00995547 /* Assets.xcassets */ = {isa = PBXFileReference; lastKnownFileType = folder.assetcatalog; path = Assets.xcassets; sourceTree = "<group>"; };
		BE7EA84526641F9F00995547 /* Preview Assets.xcassets */ = {isa = PBXFileReference; lastKnownFileType = folder.assetcatalog; path = "Preview Assets.xcassets"; sourceTree = "<group>"; };
		BE7EA84726641F9F00995547 /* Persistence.swift */ = {isa = PBXFileReference; lastKnownFileType = sourcecode.swift; path = Persistence.swift; sourceTree = "<group>"; };
		BE7EA84A26641F9F00995547 /* Landmark.xcdatamodel */ = {isa = PBXFileReference; lastKnownFileType = wrapper.xcdatamodel; path = Landmark.xcdatamodel; sourceTree = "<group>"; };
		BE7EA84C26641F9F00995547 /* Info.plist */ = {isa = PBXFileReference; lastKnownFileType = text.plist.xml; path = Info.plist; sourceTree = "<group>"; };
		BE7EA854266C6FE200995547 /* CircleImage.swift */ = {isa = PBXFileReference; lastKnownFileType = sourcecode.swift; path = CircleImage.swift; sourceTree = "<group>"; };
		BE7EA856266C715700995547 /* MapView.swift */ = {isa = PBXFileReference; lastKnownFileType = sourcecode.swift; path = MapView.swift; sourceTree = "<group>"; };
/* End PBXFileReference section */

/* Begin PBXFrameworksBuildPhase section */
		BE7EA83826641F9B00995547 /* Frameworks */ = {
			isa = PBXFrameworksBuildPhase;
			buildActionMask = 2147483647;
			files = (
			);
			runOnlyForDeploymentPostprocessing = 0;
		};
/* End PBXFrameworksBuildPhase section */

/* Begin PBXGroup section */
		BE698A702672BD1B00E391CD /* Views */ = {
			isa = PBXGroup;
			children = (
				BE7EA84026641F9C00995547 /* ContentView.swift */,
				BE76F77726767BDE007B547F /* Hikes */,
				BE698AB82675706800E391CD /* Landmarks */,
				BE76F77026767275007B547F /* Badges */,
				BE698AB92675709100E391CD /* Helpers */,
				BE76F78226769DC5007B547F /* Categories */,
			);
			path = Views;
			sourceTree = "<group>";
		};
		BE698A712672BD4000E391CD /* Model */ = {
			isa = PBXGroup;
			children = (
				BE76F77526767894007B547F /* Hike.swift */,
				BE698A6E2672BBDA00E391CD /* ModelData.swift */,
				BE698A6C2672B72700E391CD /* Landmark.swift */,
			);
			path = Model;
			sourceTree = "<group>";
		};
		BE698A722672BD4E00E391CD /* Resources */ = {
			isa = PBXGroup;
			children = (
				BE76F7732676784A007B547F /* hikeData.json */,
				BE698A6A2672B6A600E391CD /* landmarkData.json */,
			);
			path = Resources;
			sourceTree = "<group>";
		};
		BE698AB82675706800E391CD /* Landmarks */ = {
			isa = PBXGroup;
			children = (
				BE698A772672C69500E391CD /* LandmarkList.swift */,
				BE698A792672CB7900E391CD /* LandmarkDetail.swift */,
				BE698A752672BEFE00E391CD /* LandmarkRow.swift */,
			);
			path = Landmarks;
			sourceTree = "<group>";
		};
		BE698AB92675709100E391CD /* Helpers */ = {
			isa = PBXGroup;
			children = (
				BE7EA854266C6FE200995547 /* CircleImage.swift */,
				BE7EA856266C715700995547 /* MapView.swift */,
				BE698AB626756E1F00E391CD /* FavoriteButton.swift */,
			);
			path = Helpers;
			sourceTree = "<group>";
		};
		BE76F77026767275007B547F /* Badges */ = {
			isa = PBXGroup;
			children = (
				BE698ABA26757D1100E391CD /* HexagonParameters.swift */,
				BE698ABC26757FDF00E391CD /* BadgeBackground.swift */,
				BE76F76C2676718B007B547F /* BadgeSymbol.swift */,
				BE76F76E26767247007B547F /* RotatedBadgeSymbol.swift */,
				BE76F771267672AC007B547F /* Badge.swift */,
			);
			path = Badges;
			sourceTree = "<group>";
		};
		BE76F77726767BDE007B547F /* Hikes */ = {
			isa = PBXGroup;
			children = (
				BE76F77826767BDE007B547F /* GraphCapsule.swift */,
				BE76F77926767BDE007B547F /* HikeGraph.swift */,
				BE76F77A26767BDE007B547F /* HikeDetail.swift */,
				BE76F77B26767BDE007B547F /* HikeView.swift */,
			);
			name = Hikes;
			path = AnimatingViewsAndTransitions/Resources/Hikes;
			sourceTree = SOURCE_ROOT;
		};
		BE76F78226769DC5007B547F /* Categories */ = {
			isa = PBXGroup;
			children = (
				BE76F78026769DBC007B547F /* CategoryHome.swift */,
			);
			path = Categories;
			sourceTree = "<group>";
		};
		BE7EA83226641F9B00995547 = {
			isa = PBXGroup;
			children = (
				BE7EA83D26641F9C00995547 /* Landmark */,
				BE7EA83C26641F9C00995547 /* Products */,
			);
			sourceTree = "<group>";
		};
		BE7EA83C26641F9C00995547 /* Products */ = {
			isa = PBXGroup;
			children = (
				BE7EA83B26641F9C00995547 /* Landmark.app */,
			);
			name = Products;
			sourceTree = "<group>";
		};
		BE7EA83D26641F9C00995547 /* Landmark */ = {
			isa = PBXGroup;
			children = (
				BE698A702672BD1B00E391CD /* Views */,
				BE698A712672BD4000E391CD /* Model */,
				BE698A722672BD4E00E391CD /* Resources */,
				BE7EA84226641F9F00995547 /* Assets.xcassets */,
				BE7EA83E26641F9C00995547 /* LandmarkApp.swift */,
				BE7EA84726641F9F00995547 /* Persistence.swift */,
				BE7EA84C26641F9F00995547 /* Info.plist */,
				BE698A652672B4A100E391CD /* Landmark.entitlements */,
				BE7EA84926641F9F00995547 /* Landmark.xcdatamodeld */,
				BE7EA84426641F9F00995547 /* Preview Content */,
			);
			path = Landmark;
			sourceTree = "<group>";
		};
		BE7EA84426641F9F00995547 /* Preview Content */ = {
			isa = PBXGroup;
			children = (
				BE7EA84526641F9F00995547 /* Preview Assets.xcassets */,
			);
			path = "Preview Content";
			sourceTree = "<group>";
		};
/* End PBXGroup section */

/* Begin PBXNativeTarget section */
		BE7EA83A26641F9B00995547 /* Landmark */ = {
			isa = PBXNativeTarget;
			buildConfigurationList = BE7EA84F26641F9F00995547 /* Build configuration list for PBXNativeTarget "Landmark" */;
			buildPhases = (
				BE7EA83726641F9B00995547 /* Sources */,
				BE7EA83826641F9B00995547 /* Frameworks */,
				BE7EA83926641F9B00995547 /* Resources */,
			);
			buildRules = (
			);
			dependencies = (
			);
			name = Landmark;
			productName = Landmark;
			productReference = BE7EA83B26641F9C00995547 /* Landmark.app */;
			productType = "com.apple.product-type.application";
		};
/* End PBXNativeTarget section */

/* Begin PBXProject section */
		BE7EA83326641F9B00995547 /* Project object */ = {
			isa = PBXProject;
			attributes = {
				LastSwiftUpdateCheck = 1250;
				LastUpgradeCheck = 1250;
				TargetAttributes = {
					BE7EA83A26641F9B00995547 = {
						CreatedOnToolsVersion = 12.5;
					};
				};
			};
			buildConfigurationList = BE7EA83626641F9B00995547 /* Build configuration list for PBXProject "Landmark" */;
			compatibilityVersion = "Xcode 9.3";
			developmentRegion = en;
			hasScannedForEncodings = 0;
			knownRegions = (
				en,
				Base,
			);
			mainGroup = BE7EA83226641F9B00995547;
			productRefGroup = BE7EA83C26641F9C00995547 /* Products */;
			projectDirPath = "";
			projectRoot = "";
			targets = (
				BE7EA83A26641F9B00995547 /* Landmark */,
			);
		};
/* End PBXProject section */

/* Begin PBXResourcesBuildPhase section */
		BE7EA83926641F9B00995547 /* Resources */ = {
			isa = PBXResourcesBuildPhase;
			buildActionMask = 2147483647;
			files = (
				BE76F7742676784A007B547F /* hikeData.json in Resources */,
				BE7EA84626641F9F00995547 /* Preview Assets.xcassets in Resources */,
				BE7EA84326641F9F00995547 /* Assets.xcassets in Resources */,
				BE698A6B2672B6A600E391CD /* landmarkData.json in Resources */,
			);
			runOnlyForDeploymentPostprocessing = 0;
		};
/* End PBXResourcesBuildPhase section */

/* Begin PBXSourcesBuildPhase section */
		BE7EA83726641F9B00995547 /* Sources */ = {
			isa = PBXSourcesBuildPhase;
			buildActionMask = 2147483647;
			files = (
				BE698A6D2672B72700E391CD /* Landmark.swift in Sources */,
				BE76F772267672AC007B547F /* Badge.swift in Sources */,
				BE7EA84826641F9F00995547 /* Persistence.swift in Sources */,
				BE7EA857266C715800995547 /* MapView.swift in Sources */,
				BE698AB726756E2000E391CD /* FavoriteButton.swift in Sources */,
				BE7EA84126641F9C00995547 /* ContentView.swift in Sources */,
				BE76F77626767894007B547F /* Hike.swift in Sources */,
				BE7EA83F26641F9C00995547 /* LandmarkApp.swift in Sources */,
				BE698A6F2672BBDA00E391CD /* ModelData.swift in Sources */,
				BE7EA84B26641F9F00995547 /* Landmark.xcdatamodeld in Sources */,
				BE76F76D2676718B007B547F /* BadgeSymbol.swift in Sources */,
				BE76F77E26767BDE007B547F /* HikeDetail.swift in Sources */,
				BE7EA855266C6FE200995547 /* CircleImage.swift in Sources */,
				BE76F77F26767BDE007B547F /* HikeView.swift in Sources */,
				BE698ABD26757FDF00E391CD /* BadgeBackground.swift in Sources */,
				BE76F77D26767BDE007B547F /* HikeGraph.swift in Sources */,
				BE698ABB26757D1100E391CD /* HexagonParameters.swift in Sources */,
				BE698A762672BEFE00E391CD /* LandmarkRow.swift in Sources */,
				BE698A782672C69500E391CD /* LandmarkList.swift in Sources */,
				BE698A7A2672CB7900E391CD /* LandmarkDetail.swift in Sources */,
				BE76F77C26767BDE007B547F /* GraphCapsule.swift in Sources */,
				BE76F78126769DBC007B547F /* CategoryHome.swift in Sources */,
				BE76F76F26767247007B547F /* RotatedBadgeSymbol.swift in Sources */,
			);
			runOnlyForDeploymentPostprocessing = 0;
		};
/* End PBXSourcesBuildPhase section */

/* Begin XCBuildConfiguration section */
		BE7EA84D26641F9F00995547 /* Debug */ = {
			isa = XCBuildConfiguration;
			buildSettings = {
				ALWAYS_SEARCH_USER_PATHS = NO;
				CLANG_ANALYZER_NONNULL = YES;
				CLANG_ANALYZER_NUMBER_OBJECT_CONVERSION = YES_AGGRESSIVE;
				CLANG_CXX_LANGUAGE_STANDARD = "gnu++14";
				CLANG_CXX_LIBRARY = "libc++";
				CLANG_ENABLE_MODULES = YES;
				CLANG_ENABLE_OBJC_ARC = YES;
				CLANG_ENABLE_OBJC_WEAK = YES;
				CLANG_WARN_BLOCK_CAPTURE_AUTORELEASING = YES;
				CLANG_WARN_BOOL_CONVERSION = YES;
				CLANG_WARN_COMMA = YES;
				CLANG_WARN_CONSTANT_CONVERSION = YES;
				CLANG_WARN_DEPRECATED_OBJC_IMPLEMENTATIONS = YES;
				CLANG_WARN_DIRECT_OBJC_ISA_USAGE = YES_ERROR;
				CLANG_WARN_DOCUMENTATION_COMMENTS = YES;
				CLANG_WARN_EMPTY_BODY = YES;
				CLANG_WARN_ENUM_CONVERSION = YES;
				CLANG_WARN_INFINITE_RECURSION = YES;
				CLANG_WARN_INT_CONVERSION = YES;
				CLANG_WARN_NON_LITERAL_NULL_CONVERSION = YES;
				CLANG_WARN_OBJC_IMPLICIT_RETAIN_SELF = YES;
				CLANG_WARN_OBJC_LITERAL_CONVERSION = YES;
				CLANG_WARN_OBJC_ROOT_CLASS = YES_ERROR;
				CLANG_WARN_QUOTED_INCLUDE_IN_FRAMEWORK_HEADER = YES;
				CLANG_WARN_RANGE_LOOP_ANALYSIS = YES;
				CLANG_WARN_STRICT_PROTOTYPES = YES;
				CLANG_WARN_SUSPICIOUS_MOVE = YES;
				CLANG_WARN_UNGUARDED_AVAILABILITY = YES_AGGRESSIVE;
				CLANG_WARN_UNREACHABLE_CODE = YES;
				CLANG_WARN__DUPLICATE_METHOD_MATCH = YES;
				COPY_PHASE_STRIP = NO;
				DEBUG_INFORMATION_FORMAT = dwarf;
				ENABLE_STRICT_OBJC_MSGSEND = YES;
				ENABLE_TESTABILITY = YES;
				GCC_C_LANGUAGE_STANDARD = gnu11;
				GCC_DYNAMIC_NO_PIC = NO;
				GCC_NO_COMMON_BLOCKS = YES;
				GCC_OPTIMIZATION_LEVEL = 0;
				GCC_PREPROCESSOR_DEFINITIONS = (
					"DEBUG=1",
					"$(inherited)",
				);
				GCC_WARN_64_TO_32_BIT_CONVERSION = YES;
				GCC_WARN_ABOUT_RETURN_TYPE = YES_ERROR;
				GCC_WARN_UNDECLARED_SELECTOR = YES;
				GCC_WARN_UNINITIALIZED_AUTOS = YES_AGGRESSIVE;
				GCC_WARN_UNUSED_FUNCTION = YES;
				GCC_WARN_UNUSED_VARIABLE = YES;
				IPHONEOS_DEPLOYMENT_TARGET = 14.5;
				MTL_ENABLE_DEBUG_INFO = INCLUDE_SOURCE;
				MTL_FAST_MATH = YES;
				ONLY_ACTIVE_ARCH = YES;
				SDKROOT = iphoneos;
				SWIFT_ACTIVE_COMPILATION_CONDITIONS = DEBUG;
				SWIFT_OPTIMIZATION_LEVEL = "-Onone";
			};
			name = Debug;
		};
		BE7EA84E26641F9F00995547 /* Release */ = {
			isa = XCBuildConfiguration;
			buildSettings = {
				ALWAYS_SEARCH_USER_PATHS = NO;
				CLANG_ANALYZER_NONNULL = YES;
				CLANG_ANALYZER_NUMBER_OBJECT_CONVERSION = YES_AGGRESSIVE;
				CLANG_CXX_LANGUAGE_STANDARD = "gnu++14";
				CLANG_CXX_LIBRARY = "libc++";
				CLANG_ENABLE_MODULES = YES;
				CLANG_ENABLE_OBJC_ARC = YES;
				CLANG_ENABLE_OBJC_WEAK = YES;
				CLANG_WARN_BLOCK_CAPTURE_AUTORELEASING = YES;
				CLANG_WARN_BOOL_CONVERSION = YES;
				CLANG_WARN_COMMA = YES;
				CLANG_WARN_CONSTANT_CONVERSION = YES;
				CLANG_WARN_DEPRECATED_OBJC_IMPLEMENTATIONS = YES;
				CLANG_WARN_DIRECT_OBJC_ISA_USAGE = YES_ERROR;
				CLANG_WARN_DOCUMENTATION_COMMENTS = YES;
				CLANG_WARN_EMPTY_BODY = YES;
				CLANG_WARN_ENUM_CONVERSION = YES;
				CLANG_WARN_INFINITE_RECURSION = YES;
				CLANG_WARN_INT_CONVERSION = YES;
				CLANG_WARN_NON_LITERAL_NULL_CONVERSION = YES;
				CLANG_WARN_OBJC_IMPLICIT_RETAIN_SELF = YES;
				CLANG_WARN_OBJC_LITERAL_CONVERSION = YES;
				CLANG_WARN_OBJC_ROOT_CLASS = YES_ERROR;
				CLANG_WARN_QUOTED_INCLUDE_IN_FRAMEWORK_HEADER = YES;
				CLANG_WARN_RANGE_LOOP_ANALYSIS = YES;
				CLANG_WARN_STRICT_PROTOTYPES = YES;
				CLANG_WARN_SUSPICIOUS_MOVE = YES;
				CLANG_WARN_UNGUARDED_AVAILABILITY = YES_AGGRESSIVE;
				CLANG_WARN_UNREACHABLE_CODE = YES;
				CLANG_WARN__DUPLICATE_METHOD_MATCH = YES;
				COPY_PHASE_STRIP = NO;
				DEBUG_INFORMATION_FORMAT = "dwarf-with-dsym";
				ENABLE_NS_ASSERTIONS = NO;
				ENABLE_STRICT_OBJC_MSGSEND = YES;
				GCC_C_LANGUAGE_STANDARD = gnu11;
				GCC_NO_COMMON_BLOCKS = YES;
				GCC_WARN_64_TO_32_BIT_CONVERSION = YES;
				GCC_WARN_ABOUT_RETURN_TYPE = YES_ERROR;
				GCC_WARN_UNDECLARED_SELECTOR = YES;
				GCC_WARN_UNINITIALIZED_AUTOS = YES_AGGRESSIVE;
				GCC_WARN_UNUSED_FUNCTION = YES;
				GCC_WARN_UNUSED_VARIABLE = YES;
				IPHONEOS_DEPLOYMENT_TARGET = 14.5;
				MTL_ENABLE_DEBUG_INFO = NO;
				MTL_FAST_MATH = YES;
				SDKROOT = iphoneos;
				SWIFT_COMPILATION_MODE = wholemodule;
				SWIFT_OPTIMIZATION_LEVEL = "-O";
				VALIDATE_PRODUCT = YES;
			};
			name = Release;
		};
		BE7EA85026641F9F00995547 /* Debug */ = {
			isa = XCBuildConfiguration;
			buildSettings = {
				ASSETCATALOG_COMPILER_APPICON_NAME = AppIcon;
				ASSETCATALOG_COMPILER_GLOBAL_ACCENT_COLOR_NAME = AccentColor;
				CODE_SIGN_ENTITLEMENTS = Landmark/Landmark.entitlements;
				CODE_SIGN_STYLE = Automatic;
				DEVELOPMENT_ASSET_PATHS = "\"Landmark/Preview Content\"";
				DEVELOPMENT_TEAM = M5UP2H8YKX;
				ENABLE_PREVIEWS = YES;
				INFOPLIST_FILE = Landmark/Info.plist;
				IPHONEOS_DEPLOYMENT_TARGET = 14.0;
				LD_RUNPATH_SEARCH_PATHS = (
					"$(inherited)",
					"@executable_path/Frameworks",
				);
				PRODUCT_BUNDLE_IDENTIFIER = com.pixus.Landmark;
				PRODUCT_NAME = "$(TARGET_NAME)";
				SUPPORTS_MACCATALYST = NO;
				SWIFT_VERSION = 5.0;
				TARGETED_DEVICE_FAMILY = "1,2";
			};
			name = Debug;
		};
		BE7EA85126641F9F00995547 /* Release */ = {
			isa = XCBuildConfiguration;
			buildSettings = {
				ASSETCATALOG_COMPILER_APPICON_NAME = AppIcon;
				ASSETCATALOG_COMPILER_GLOBAL_ACCENT_COLOR_NAME = AccentColor;
				CODE_SIGN_ENTITLEMENTS = Landmark/Landmark.entitlements;
				CODE_SIGN_STYLE = Automatic;
				DEVELOPMENT_ASSET_PATHS = "\"Landmark/Preview Content\"";
				DEVELOPMENT_TEAM = M5UP2H8YKX;
				ENABLE_PREVIEWS = YES;
				INFOPLIST_FILE = Landmark/Info.plist;
				IPHONEOS_DEPLOYMENT_TARGET = 14.0;
				LD_RUNPATH_SEARCH_PATHS = (
					"$(inherited)",
					"@executable_path/Frameworks",
				);
				PRODUCT_BUNDLE_IDENTIFIER = com.pixus.Landmark;
				PRODUCT_NAME = "$(TARGET_NAME)";
				SUPPORTS_MACCATALYST = NO;
				SWIFT_VERSION = 5.0;
				TARGETED_DEVICE_FAMILY = "1,2";
			};
			name = Release;
		};
/* End XCBuildConfiguration section */

/* Begin XCConfigurationList section */
		BE7EA83626641F9B00995547 /* Build configuration list for PBXProject "Landmark" */ = {
			isa = XCConfigurationList;
			buildConfigurations = (
				BE7EA84D26641F9F00995547 /* Debug */,
				BE7EA84E26641F9F00995547 /* Release */,
			);
			defaultConfigurationIsVisible = 0;
			defaultConfigurationName = Release;
		};
		BE7EA84F26641F9F00995547 /* Build configuration list for PBXNativeTarget "Landmark" */ = {
			isa = XCConfigurationList;
			buildConfigurations = (
				BE7EA85026641F9F00995547 /* Debug */,
				BE7EA85126641F9F00995547 /* Release */,
			);
			defaultConfigurationIsVisible = 0;
			defaultConfigurationName = Release;
		};
/* End XCConfigurationList section */

/* Begin XCVersionGroup section */
		BE7EA84926641F9F00995547 /* Landmark.xcdatamodeld */ = {
			isa = XCVersionGroup;
			children = (
				BE7EA84A26641F9F00995547 /* Landmark.xcdatamodel */,
			);
			currentVersion = BE7EA84A26641F9F00995547 /* Landmark.xcdatamodel */;
			path = Landmark.xcdatamodeld;
			sourceTree = "<group>";
			versionGroupType = wrapper.xcdatamodel;
		};
/* End XCVersionGroup section */
	};
	rootObject = BE7EA83326641F9B00995547 /* Project object */;
}
